
Microsoft Visual Studio Solution File, Format Version 12.00
# Visual Studio Version 17
VisualStudioVersion = 17.5.002.0
MinimumVisualStudioVersion = 10.0.40219.1
Project("{9A19103F-16F7-4668-BE54-9A1E7A4F7556}") = "ConversionUnidades", "ConversionUnidades.csproj", "{143285D7-BFC8-4340-8553-71B890511ADC}"
EndProject
Global
	GlobalSection(SolutionConfigurationPlatforms) = preSolution
		Debug|Any CPU = Debug|Any CPU
		Release|Any CPU = Release|Any CPU
	EndGlobalSection
	GlobalSection(ProjectConfigurationPlatforms) = postSolution
		{143285D7-BFC8-4340-8553-71B890511ADC}.Debug|Any CPU.ActiveCfg = Debug|Any CPU
		{143285D7-BFC8-4340-8553-71B890511ADC}.Debug|Any CPU.Build.0 = Debug|Any CPU
		{143285D7-BFC8-4340-8553-71B890511ADC}.Release|Any CPU.ActiveCfg = Release|Any CPU
		{143285D7-BFC8-4340-8553-71B890511ADC}.Release|Any CPU.Build.0 = Release|Any CPU
	EndGlobalSection
	GlobalSection(SolutionProperties) = preSolution
		HideSolutionNode = FALSE
	EndGlobalSection
	GlobalSection(ExtensibilityGlobals) = postSolution
		SolutionGuid = {4FAB36F3-1E01-4A96-8ABC-CB3C1D3434AE}
	EndGlobalSection
EndGlobal
